
Microsoft Visual Studio Solution File, Format Version 12.00
# Visual Studio 15
VisualStudioVersion = 15.0.26228.9
MinimumVisualStudioVersion = 10.0.40219.1
Project("{FAE04EC0-301F-11D3-BF4B-00C04F79EFBC}") = "MyCalculator", "MyCalculator\MyCalculator.csproj", "{C6557C6E-9E33-41DD-A9A0-0A266FDBB52A}"
EndProject
Project("{FAE04EC0-301F-11D3-BF4B-00C04F79EFBC}") = "TheCalculator", "TheCalculator\TheCalculator.csproj", "{B14C294B-FC34-40AF-B1E0-C1187D9492B7}"
EndProject
Global
	GlobalSection(SolutionConfigurationPlatforms) = preSolution
		Debug|Any CPU = Debug|Any CPU
		Release|Any CPU = Release|Any CPU
	EndGlobalSection
	GlobalSection(ProjectConfigurationPlatforms) = postSolution
		{C6557C6E-9E33-41DD-A9A0-0A266FDBB52A}.Debug|Any CPU.ActiveCfg = Debug|Any CPU
		{C6557C6E-9E33-41DD-A9A0-0A266FDBB52A}.Debug|Any CPU.Build.0 = Debug|Any CPU
		{C6557C6E-9E33-41DD-A9A0-0A266FDBB52A}.Release|Any CPU.ActiveCfg = Release|Any CPU
		{C6557C6E-9E33-41DD-A9A0-0A266FDBB52A}.Release|Any CPU.Build.0 = Release|Any CPU
		{B14C294B-FC34-40AF-B1E0-C1187D9492B7}.Debug|Any CPU.ActiveCfg = Debug|Any CPU
		{B14C294B-FC34-40AF-B1E0-C1187D9492B7}.Debug|Any CPU.Build.0 = Debug|Any CPU
		{B14C294B-FC34-40AF-B1E0-C1187D9492B7}.Release|Any CPU.ActiveCfg = Release|Any CPU
		{B14C294B-FC34-40AF-B1E0-C1187D9492B7}.Release|Any CPU.Build.0 = Release|Any CPU
	EndGlobalSection
	GlobalSection(SolutionProperties) = preSolution
		HideSolutionNode = FALSE
	EndGlobalSection
EndGlobal
